// !$*UTF8*$!
{
	archiveVersion = 1;
	classes = {
	};
	objectVersion = 46;
	objects = {

/* Begin PBXBuildFile section */
		9E5EA20516B907290004284F /* UIKit.framework in Frameworks */ = {isa = PBXBuildFile; fileRef = 9E5EA20416B907290004284F /* UIKit.framework */; };
		9E5EA20716B907290004284F /* Foundation.framework in Frameworks */ = {isa = PBXBuildFile; fileRef = 9E5EA20616B907290004284F /* Foundation.framework */; };
		9E5EA20916B907290004284F /* CoreGraphics.framework in Frameworks */ = {isa = PBXBuildFile; fileRef = 9E5EA20816B907290004284F /* CoreGraphics.framework */; };
		9E5EA20F16B907290004284F /* InfoPlist.strings in Resources */ = {isa = PBXBuildFile; fileRef = 9E5EA20D16B907290004284F /* InfoPlist.strings */; };
		9E5EA21116B907290004284F /* main.m in Sources */ = {isa = PBXBuildFile; fileRef = 9E5EA21016B907290004284F /* main.m */; };
		9E5EA21516B907290004284F /* AppDelegate.m in Sources */ = {isa = PBXBuildFile; fileRef = 9E5EA21416B907290004284F /* AppDelegate.m */; };
		9E5EA21716B907290004284F /* Default.png in Resources */ = {isa = PBXBuildFile; fileRef = 9E5EA21616B907290004284F /* Default.png */; };
		9E5EA21916B907290004284F /* Default@2x.png in Resources */ = {isa = PBXBuildFile; fileRef = 9E5EA21816B907290004284F /* Default@2x.png */; };
		9E5EA21B16B907290004284F /* Default-568h@2x.png in Resources */ = {isa = PBXBuildFile; fileRef = 9E5EA21A16B907290004284F /* Default-568h@2x.png */; };
		9E5EA21E16B907290004284F /* MainStoryboard_iPhone.storyboard in Resources */ = {isa = PBXBuildFile; fileRef = 9E5EA21C16B907290004284F /* MainStoryboard_iPhone.storyboard */; };
		9E5EA22116B907290004284F /* MainStoryboard_iPad.storyboard in Resources */ = {isa = PBXBuildFile; fileRef = 9E5EA21F16B907290004284F /* MainStoryboard_iPad.storyboard */; };
		9E5EA22416B907290004284F /* InitialViewController.m in Sources */ = {isa = PBXBuildFile; fileRef = 9E5EA22316B907290004284F /* InitialViewController.m */; };
		9E5EA22C16B907290004284F /* SenTestingKit.framework in Frameworks */ = {isa = PBXBuildFile; fileRef = 9E5EA22B16B907290004284F /* SenTestingKit.framework */; };
		9E5EA22D16B907290004284F /* UIKit.framework in Frameworks */ = {isa = PBXBuildFile; fileRef = 9E5EA20416B907290004284F /* UIKit.framework */; };
		9E5EA22E16B907290004284F /* Foundation.framework in Frameworks */ = {isa = PBXBuildFile; fileRef = 9E5EA20616B907290004284F /* Foundation.framework */; };
		9E5EA23616B907290004284F /* InfoPlist.strings in Resources */ = {isa = PBXBuildFile; fileRef = 9E5EA23416B907290004284F /* InfoPlist.strings */; };
		9E5EA23916B907290004284F /* NextGenToyotaTests.m in Sources */ = {isa = PBXBuildFile; fileRef = 9E5EA23816B907290004284F /* NextGenToyotaTests.m */; };
		9EBBDDF616CB903D0095D163 /* VoiceRecognizer.m in Sources */ = {isa = PBXBuildFile; fileRef = 9EBBDDF516CB903D0095D163 /* VoiceRecognizer.m */; };
		9EBBDE0A16CB91040095D163 /* cmu07a.dic in Resources */ = {isa = PBXBuildFile; fileRef = 9EBBDDFA16CB91040095D163 /* cmu07a.dic */; };
		9EBBDE0B16CB91040095D163 /* feat.params in Resources */ = {isa = PBXBuildFile; fileRef = 9EBBDDFC16CB91040095D163 /* feat.params */; };
		9EBBDE0C16CB91040095D163 /* mdef in Resources */ = {isa = PBXBuildFile; fileRef = 9EBBDDFD16CB91040095D163 /* mdef */; };
		9EBBDE0D16CB91040095D163 /* means in Resources */ = {isa = PBXBuildFile; fileRef = 9EBBDDFE16CB91040095D163 /* means */; };
		9EBBDE0E16CB91040095D163 /* noisedict in Resources */ = {isa = PBXBuildFile; fileRef = 9EBBDDFF16CB91040095D163 /* noisedict */; };
		9EBBDE0F16CB91040095D163 /* sendump in Resources */ = {isa = PBXBuildFile; fileRef = 9EBBDE0016CB91040095D163 /* sendump */; };
		9EBBDE1016CB91040095D163 /* transition_matrices in Resources */ = {isa = PBXBuildFile; fileRef = 9EBBDE0116CB91040095D163 /* transition_matrices */; };
		9EBBDE1116CB91040095D163 /* variances in Resources */ = {isa = PBXBuildFile; fileRef = 9EBBDE0216CB91040095D163 /* variances */; };
		9EBBDE1216CB91040095D163 /* OpenEars.framework in Frameworks */ = {isa = PBXBuildFile; fileRef = 9EBBDE0316CB91040095D163 /* OpenEars.framework */; };
		9EBBDE1316CB91040095D163 /* OpenEars1.dic in Resources */ = {isa = PBXBuildFile; fileRef = 9EBBDE0416CB91040095D163 /* OpenEars1.dic */; };
		9EBBDE1416CB91040095D163 /* OpenEars1.gram in Resources */ = {isa = PBXBuildFile; fileRef = 9EBBDE0516CB91040095D163 /* OpenEars1.gram */; };
		9EBBDE1516CB91040095D163 /* OpenEars1.languagemodel in Resources */ = {isa = PBXBuildFile; fileRef = 9EBBDE0616CB91040095D163 /* OpenEars1.languagemodel */; };
		9EBBDE1616CB91040095D163 /* OpenEars2.gram in Resources */ = {isa = PBXBuildFile; fileRef = 9EBBDE0716CB91040095D163 /* OpenEars2.gram */; };
		9EBBDE1716CB91040095D163 /* OpenEarsCorpus.txt in Resources */ = {isa = PBXBuildFile; fileRef = 9EBBDE0816CB91040095D163 /* OpenEarsCorpus.txt */; };
		9EBBDE1816CB91040095D163 /* Slt.framework in Frameworks */ = {isa = PBXBuildFile; fileRef = 9EBBDE0916CB91040095D163 /* Slt.framework */; };
		9EC5523B16B9B9B50030B278 /* AVFoundation.framework in Frameworks */ = {isa = PBXBuildFile; fileRef = 9EC5523A16B9B9B50030B278 /* AVFoundation.framework */; };
		9EC5524016B9BA1B0030B278 /* check-mark-in-white-th.png in Resources */ = {isa = PBXBuildFile; fileRef = 9EC5523D16B9BA1B0030B278 /* check-mark-in-white-th.png */; };
		9EC5524116B9BA1B0030B278 /* check-mark-in-white-th.png in Resources */ = {isa = PBXBuildFile; fileRef = 9EC5523D16B9BA1B0030B278 /* check-mark-in-white-th.png */; };
		9EC5524216B9BA1B0030B278 /* Version1OFF_clipped.m4a in Resources */ = {isa = PBXBuildFile; fileRef = 9EC5523E16B9BA1B0030B278 /* Version1OFF_clipped.m4a */; };
		9EC5524316B9BA1B0030B278 /* Version1OFF_clipped.m4a in Resources */ = {isa = PBXBuildFile; fileRef = 9EC5523E16B9BA1B0030B278 /* Version1OFF_clipped.m4a */; };
		9EC5524416B9BA1B0030B278 /* Version1ON_clipped.m4a in Resources */ = {isa = PBXBuildFile; fileRef = 9EC5523F16B9BA1B0030B278 /* Version1ON_clipped.m4a */; };
		9EC5524516B9BA1B0030B278 /* Version1ON_clipped.m4a in Resources */ = {isa = PBXBuildFile; fileRef = 9EC5523F16B9BA1B0030B278 /* Version1ON_clipped.m4a */; };
		9EC552A816B9D2430030B278 /* AudioToolbox.framework in Frameworks */ = {isa = PBXBuildFile; fileRef = 9EC552A716B9D2430030B278 /* AudioToolbox.framework */; };
		9ECA68AE16D7524A00FBAE81 /* MenuViewController.m in Sources */ = {isa = PBXBuildFile; fileRef = 9ECA68AD16D7524A00FBAE81 /* MenuViewController.m */; };
		9ED4F8B416BAECFD00F58DBC /* NetworkCommunicator.m in Sources */ = {isa = PBXBuildFile; fileRef = 9ED4F8B316BAECFD00F58DBC /* NetworkCommunicator.m */; };
/* End PBXBuildFile section */

/* Begin PBXContainerItemProxy section */
		9E5EA22F16B907290004284F /* PBXContainerItemProxy */ = {
			isa = PBXContainerItemProxy;
			containerPortal = 9E5EA1F716B907290004284F /* Project object */;
			proxyType = 1;
			remoteGlobalIDString = 9E5EA1FF16B907290004284F;
			remoteInfo = NextGenToyota;
		};
/* End PBXContainerItemProxy section */

/* Begin PBXFileReference section */
		9E5EA20016B907290004284F /* NextGenToyota.app */ = {isa = PBXFileReference; explicitFileType = wrapper.application; includeInIndex = 0; path = NextGenToyota.app; sourceTree = BUILT_PRODUCTS_DIR; };
		9E5EA20416B907290004284F /* UIKit.framework */ = {isa = PBXFileReference; lastKnownFileType = wrapper.framework; name = UIKit.framework; path = System/Library/Frameworks/UIKit.framework; sourceTree = SDKROOT; };
		9E5EA20616B907290004284F /* Foundation.framework */ = {isa = PBXFileReference; lastKnownFileType = wrapper.framework; name = Foundation.framework; path = System/Library/Frameworks/Foundation.framework; sourceTree = SDKROOT; };
		9E5EA20816B907290004284F /* CoreGraphics.framework */ = {isa = PBXFileReference; lastKnownFileType = wrapper.framework; name = CoreGraphics.framework; path = System/Library/Frameworks/CoreGraphics.framework; sourceTree = SDKROOT; };
		9E5EA20C16B907290004284F /* NextGenToyota-Info.plist */ = {isa = PBXFileReference; lastKnownFileType = text.plist.xml; path = "NextGenToyota-Info.plist"; sourceTree = "<group>"; };
		9E5EA20E16B907290004284F /* en */ = {isa = PBXFileReference; lastKnownFileType = text.plist.strings; name = en; path = en.lproj/InfoPlist.strings; sourceTree = "<group>"; };
		9E5EA21016B907290004284F /* main.m */ = {isa = PBXFileReference; lastKnownFileType = sourcecode.c.objc; path = main.m; sourceTree = "<group>"; };
		9E5EA21216B907290004284F /* NextGenToyota-Prefix.pch */ = {isa = PBXFileReference; lastKnownFileType = sourcecode.c.h; path = "NextGenToyota-Prefix.pch"; sourceTree = "<group>"; };
		9E5EA21316B907290004284F /* AppDelegate.h */ = {isa = PBXFileReference; lastKnownFileType = sourcecode.c.h; path = AppDelegate.h; sourceTree = "<group>"; };
		9E5EA21416B907290004284F /* AppDelegate.m */ = {isa = PBXFileReference; lastKnownFileType = sourcecode.c.objc; path = AppDelegate.m; sourceTree = "<group>"; };
		9E5EA21616B907290004284F /* Default.png */ = {isa = PBXFileReference; lastKnownFileType = image.png; path = Default.png; sourceTree = "<group>"; };
		9E5EA21816B907290004284F /* Default@2x.png */ = {isa = PBXFileReference; lastKnownFileType = image.png; path = "Default@2x.png"; sourceTree = "<group>"; };
		9E5EA21A16B907290004284F /* Default-568h@2x.png */ = {isa = PBXFileReference; lastKnownFileType = image.png; path = "Default-568h@2x.png"; sourceTree = "<group>"; };
		9E5EA21D16B907290004284F /* en */ = {isa = PBXFileReference; lastKnownFileType = file.storyboard; name = en; path = en.lproj/MainStoryboard_iPhone.storyboard; sourceTree = "<group>"; };
		9E5EA22016B907290004284F /* en */ = {isa = PBXFileReference; lastKnownFileType = file.storyboard; name = en; path = en.lproj/MainStoryboard_iPad.storyboard; sourceTree = "<group>"; };
		9E5EA22216B907290004284F /* InitialViewController.h */ = {isa = PBXFileReference; lastKnownFileType = sourcecode.c.h; path = InitialViewController.h; sourceTree = "<group>"; };
		9E5EA22316B907290004284F /* InitialViewController.m */ = {isa = PBXFileReference; lastKnownFileType = sourcecode.c.objc; path = InitialViewController.m; sourceTree = "<group>"; };
		9E5EA22A16B907290004284F /* NextGenToyotaTests.octest */ = {isa = PBXFileReference; explicitFileType = wrapper.cfbundle; includeInIndex = 0; path = NextGenToyotaTests.octest; sourceTree = BUILT_PRODUCTS_DIR; };
		9E5EA22B16B907290004284F /* SenTestingKit.framework */ = {isa = PBXFileReference; lastKnownFileType = wrapper.framework; name = SenTestingKit.framework; path = Library/Frameworks/SenTestingKit.framework; sourceTree = DEVELOPER_DIR; };
		9E5EA23316B907290004284F /* NextGenToyotaTests-Info.plist */ = {isa = PBXFileReference; lastKnownFileType = text.plist.xml; path = "NextGenToyotaTests-Info.plist"; sourceTree = "<group>"; };
		9E5EA23516B907290004284F /* en */ = {isa = PBXFileReference; lastKnownFileType = text.plist.strings; name = en; path = en.lproj/InfoPlist.strings; sourceTree = "<group>"; };
		9E5EA23716B907290004284F /* NextGenToyotaTests.h */ = {isa = PBXFileReference; lastKnownFileType = sourcecode.c.h; path = NextGenToyotaTests.h; sourceTree = "<group>"; };
		9E5EA23816B907290004284F /* NextGenToyotaTests.m */ = {isa = PBXFileReference; lastKnownFileType = sourcecode.c.objc; path = NextGenToyotaTests.m; sourceTree = "<group>"; };
		9EBBDDF416CB903D0095D163 /* VoiceRecognizer.h */ = {isa = PBXFileReference; fileEncoding = 4; lastKnownFileType = sourcecode.c.h; path = VoiceRecognizer.h; sourceTree = "<group>"; };
		9EBBDDF516CB903D0095D163 /* VoiceRecognizer.m */ = {isa = PBXFileReference; fileEncoding = 4; lastKnownFileType = sourcecode.c.objc; path = VoiceRecognizer.m; sourceTree = "<group>"; };
		9EBBDDFA16CB91040095D163 /* cmu07a.dic */ = {isa = PBXFileReference; fileEncoding = 4; lastKnownFileType = text; path = cmu07a.dic; sourceTree = "<group>"; };
		9EBBDDFC16CB91040095D163 /* feat.params */ = {isa = PBXFileReference; fileEncoding = 4; lastKnownFileType = text; path = feat.params; sourceTree = "<group>"; };
		9EBBDDFD16CB91040095D163 /* mdef */ = {isa = PBXFileReference; lastKnownFileType = file; path = mdef; sourceTree = "<group>"; };
		9EBBDDFE16CB91040095D163 /* means */ = {isa = PBXFileReference; lastKnownFileType = file; path = means; sourceTree = "<group>"; };
		9EBBDDFF16CB91040095D163 /* noisedict */ = {isa = PBXFileReference; fileEncoding = 4; lastKnownFileType = text; path = noisedict; sourceTree = "<group>"; };
		9EBBDE0016CB91040095D163 /* sendump */ = {isa = PBXFileReference; lastKnownFileType = file; path = sendump; sourceTree = "<group>"; };
		9EBBDE0116CB91040095D163 /* transition_matrices */ = {isa = PBXFileReference; lastKnownFileType = file; path = transition_matrices; sourceTree = "<group>"; };
		9EBBDE0216CB91040095D163 /* variances */ = {isa = PBXFileReference; lastKnownFileType = file; path = variances; sourceTree = "<group>"; };
		9EBBDE0316CB91040095D163 /* OpenEars.framework */ = {isa = PBXFileReference; lastKnownFileType = wrapper.framework; path = OpenEars.framework; sourceTree = "<group>"; };
		9EBBDE0416CB91040095D163 /* OpenEars1.dic */ = {isa = PBXFileReference; fileEncoding = 4; lastKnownFileType = text; path = OpenEars1.dic; sourceTree = "<group>"; };
		9EBBDE0516CB91040095D163 /* OpenEars1.gram */ = {isa = PBXFileReference; fileEncoding = 4; lastKnownFileType = text; path = OpenEars1.gram; sourceTree = "<group>"; };
		9EBBDE0616CB91040095D163 /* OpenEars1.languagemodel */ = {isa = PBXFileReference; fileEncoding = 4; lastKnownFileType = text; path = OpenEars1.languagemodel; sourceTree = "<group>"; };
		9EBBDE0716CB91040095D163 /* OpenEars2.gram */ = {isa = PBXFileReference; fileEncoding = 4; lastKnownFileType = text; path = OpenEars2.gram; sourceTree = "<group>"; };
		9EBBDE0816CB91040095D163 /* OpenEarsCorpus.txt */ = {isa = PBXFileReference; fileEncoding = 4; lastKnownFileType = text; path = OpenEarsCorpus.txt; sourceTree = "<group>"; };
		9EBBDE0916CB91040095D163 /* Slt.framework */ = {isa = PBXFileReference; lastKnownFileType = wrapper.framework; path = Slt.framework; sourceTree = "<group>"; };
		9EC5523A16B9B9B50030B278 /* AVFoundation.framework */ = {isa = PBXFileReference; lastKnownFileType = wrapper.framework; name = AVFoundation.framework; path = System/Library/Frameworks/AVFoundation.framework; sourceTree = SDKROOT; };
		9EC5523D16B9BA1B0030B278 /* check-mark-in-white-th.png */ = {isa = PBXFileReference; lastKnownFileType = image.png; path = "check-mark-in-white-th.png"; sourceTree = "<group>"; };
		9EC5523E16B9BA1B0030B278 /* Version1OFF_clipped.m4a */ = {isa = PBXFileReference; lastKnownFileType = file; path = Version1OFF_clipped.m4a; sourceTree = "<group>"; };
		9EC5523F16B9BA1B0030B278 /* Version1ON_clipped.m4a */ = {isa = PBXFileReference; lastKnownFileType = file; path = Version1ON_clipped.m4a; sourceTree = "<group>"; };
		9EC552A716B9D2430030B278 /* AudioToolbox.framework */ = {isa = PBXFileReference; lastKnownFileType = wrapper.framework; name = AudioToolbox.framework; path = System/Library/Frameworks/AudioToolbox.framework; sourceTree = SDKROOT; };
		9ECA68AC16D7524A00FBAE81 /* MenuViewController.h */ = {isa = PBXFileReference; fileEncoding = 4; lastKnownFileType = sourcecode.c.h; path = MenuViewController.h; sourceTree = "<group>"; };
		9ECA68AD16D7524A00FBAE81 /* MenuViewController.m */ = {isa = PBXFileReference; fileEncoding = 4; lastKnownFileType = sourcecode.c.objc; path = MenuViewController.m; sourceTree = "<group>"; };
		9ED4F8B216BAECFD00F58DBC /* NetworkCommunicator.h */ = {isa = PBXFileReference; fileEncoding = 4; lastKnownFileType = sourcecode.c.h; path = NetworkCommunicator.h; sourceTree = "<group>"; };
		9ED4F8B316BAECFD00F58DBC /* NetworkCommunicator.m */ = {isa = PBXFileReference; fileEncoding = 4; lastKnownFileType = sourcecode.c.objc; path = NetworkCommunicator.m; sourceTree = "<group>"; };
/* End PBXFileReference section */

/* Begin PBXFrameworksBuildPhase section */
		9E5EA1FD16B907290004284F /* Frameworks */ = {
			isa = PBXFrameworksBuildPhase;
			buildActionMask = 2147483647;
			files = (
				9EC552A816B9D2430030B278 /* AudioToolbox.framework in Frameworks */,
				9EC5523B16B9B9B50030B278 /* AVFoundation.framework in Frameworks */,
				9E5EA20516B907290004284F /* UIKit.framework in Frameworks */,
				9E5EA20716B907290004284F /* Foundation.framework in Frameworks */,
				9E5EA20916B907290004284F /* CoreGraphics.framework in Frameworks */,
				9EBBDE1216CB91040095D163 /* OpenEars.framework in Frameworks */,
				9EBBDE1816CB91040095D163 /* Slt.framework in Frameworks */,
			);
			runOnlyForDeploymentPostprocessing = 0;
		};
		9E5EA22616B907290004284F /* Frameworks */ = {
			isa = PBXFrameworksBuildPhase;
			buildActionMask = 2147483647;
			files = (
				9E5EA22C16B907290004284F /* SenTestingKit.framework in Frameworks */,
				9E5EA22D16B907290004284F /* UIKit.framework in Frameworks */,
				9E5EA22E16B907290004284F /* Foundation.framework in Frameworks */,
			);
			runOnlyForDeploymentPostprocessing = 0;
		};
/* End PBXFrameworksBuildPhase section */

/* Begin PBXGroup section */
		9E5EA1F516B907290004284F = {
			isa = PBXGroup;
			children = (
				9EBBDDF916CB91040095D163 /* Frameworks */,
				9EC552A716B9D2430030B278 /* AudioToolbox.framework */,
				9EC5523A16B9B9B50030B278 /* AVFoundation.framework */,
				9E5EA20A16B907290004284F /* NextGenToyota */,
				9E5EA23116B907290004284F /* NextGenToyotaTests */,
				9E5EA20316B907290004284F /* Frameworks */,
				9E5EA20116B907290004284F /* Products */,
			);
			sourceTree = "<group>";
		};
		9E5EA20116B907290004284F /* Products */ = {
			isa = PBXGroup;
			children = (
				9E5EA20016B907290004284F /* NextGenToyota.app */,
				9E5EA22A16B907290004284F /* NextGenToyotaTests.octest */,
			);
			name = Products;
			sourceTree = "<group>";
		};
		9E5EA20316B907290004284F /* Frameworks */ = {
			isa = PBXGroup;
			children = (
				9E5EA20416B907290004284F /* UIKit.framework */,
				9E5EA20616B907290004284F /* Foundation.framework */,
				9E5EA20816B907290004284F /* CoreGraphics.framework */,
				9E5EA22B16B907290004284F /* SenTestingKit.framework */,
			);
			name = Frameworks;
			sourceTree = "<group>";
		};
		9E5EA20A16B907290004284F /* NextGenToyota */ = {
			isa = PBXGroup;
			children = (
				9EBBDDF816CB90440095D163 /* VoiceRecognition */,
				9ED4F8B616BB083100F58DBC /* Networking */,
				9E5EA21316B907290004284F /* AppDelegate.h */,
				9E5EA21416B907290004284F /* AppDelegate.m */,
				9E5EA21C16B907290004284F /* MainStoryboard_iPhone.storyboard */,
				9E5EA21F16B907290004284F /* MainStoryboard_iPad.storyboard */,
				9ECA68AC16D7524A00FBAE81 /* MenuViewController.h */,
				9ECA68AD16D7524A00FBAE81 /* MenuViewController.m */,
				9E5EA22216B907290004284F /* InitialViewController.h */,
				9E5EA22316B907290004284F /* InitialViewController.m */,
				9E5EA20B16B907290004284F /* Supporting Files */,
			);
			path = NextGenToyota;
			sourceTree = "<group>";
		};
		9E5EA20B16B907290004284F /* Supporting Files */ = {
			isa = PBXGroup;
			children = (
				9EC5524616B9BA230030B278 /* Resource */,
				9E5EA20C16B907290004284F /* NextGenToyota-Info.plist */,
				9E5EA20D16B907290004284F /* InfoPlist.strings */,
				9E5EA21016B907290004284F /* main.m */,
				9E5EA21216B907290004284F /* NextGenToyota-Prefix.pch */,
				9E5EA21616B907290004284F /* Default.png */,
				9E5EA21816B907290004284F /* Default@2x.png */,
				9E5EA21A16B907290004284F /* Default-568h@2x.png */,
			);
			name = "Supporting Files";
			sourceTree = "<group>";
		};
		9E5EA23116B907290004284F /* NextGenToyotaTests */ = {
			isa = PBXGroup;
			children = (
				9E5EA23716B907290004284F /* NextGenToyotaTests.h */,
				9E5EA23816B907290004284F /* NextGenToyotaTests.m */,
				9E5EA23216B907290004284F /* Supporting Files */,
			);
			path = NextGenToyotaTests;
			sourceTree = "<group>";
		};
		9E5EA23216B907290004284F /* Supporting Files */ = {
			isa = PBXGroup;
			children = (
				9E5EA23316B907290004284F /* NextGenToyotaTests-Info.plist */,
				9E5EA23416B907290004284F /* InfoPlist.strings */,
			);
			name = "Supporting Files";
			sourceTree = "<group>";
		};
		9EBBDDF816CB90440095D163 /* VoiceRecognition */ = {
			isa = PBXGroup;
			children = (
				9EBBDDF416CB903D0095D163 /* VoiceRecognizer.h */,
				9EBBDDF516CB903D0095D163 /* VoiceRecognizer.m */,
			);
			name = VoiceRecognition;
			sourceTree = "<group>";
		};
		9EBBDDF916CB91040095D163 /* Frameworks */ = {
			isa = PBXGroup;
			children = (
				9EBBDDFA16CB91040095D163 /* cmu07a.dic */,
				9EBBDDFB16CB91040095D163 /* hub4wsj_sc_8k */,
				9EBBDE0316CB91040095D163 /* OpenEars.framework */,
				9EBBDE0416CB91040095D163 /* OpenEars1.dic */,
				9EBBDE0516CB91040095D163 /* OpenEars1.gram */,
				9EBBDE0616CB91040095D163 /* OpenEars1.languagemodel */,
				9EBBDE0716CB91040095D163 /* OpenEars2.gram */,
				9EBBDE0816CB91040095D163 /* OpenEarsCorpus.txt */,
				9EBBDE0916CB91040095D163 /* Slt.framework */,
			);
			path = Frameworks;
			sourceTree = "<group>";
		};
		9EBBDDFB16CB91040095D163 /* hub4wsj_sc_8k */ = {
			isa = PBXGroup;
			children = (
				9EBBDDFC16CB91040095D163 /* feat.params */,
				9EBBDDFD16CB91040095D163 /* mdef */,
				9EBBDDFE16CB91040095D163 /* means */,
				9EBBDDFF16CB91040095D163 /* noisedict */,
				9EBBDE0016CB91040095D163 /* sendump */,
				9EBBDE0116CB91040095D163 /* transition_matrices */,
				9EBBDE0216CB91040095D163 /* variances */,
			);
			path = hub4wsj_sc_8k;
			sourceTree = "<group>";
		};
		9EC5524616B9BA230030B278 /* Resource */ = {
			isa = PBXGroup;
			children = (
				9EC5523D16B9BA1B0030B278 /* check-mark-in-white-th.png */,
				9EC5523E16B9BA1B0030B278 /* Version1OFF_clipped.m4a */,
				9EC5523F16B9BA1B0030B278 /* Version1ON_clipped.m4a */,
			);
			name = Resource;
			sourceTree = "<group>";
		};
		9ED4F8B616BB083100F58DBC /* Networking */ = {
			isa = PBXGroup;
			children = (
				9ED4F8B216BAECFD00F58DBC /* NetworkCommunicator.h */,
				9ED4F8B316BAECFD00F58DBC /* NetworkCommunicator.m */,
			);
			name = Networking;
			sourceTree = "<group>";
		};
/* End PBXGroup section */

/* Begin PBXNativeTarget section */
		9E5EA1FF16B907290004284F /* NextGenToyota */ = {
			isa = PBXNativeTarget;
			buildConfigurationList = 9E5EA23C16B907290004284F /* Build configuration list for PBXNativeTarget "NextGenToyota" */;
			buildPhases = (
				9E5EA1FC16B907290004284F /* Sources */,
				9E5EA1FD16B907290004284F /* Frameworks */,
				9E5EA1FE16B907290004284F /* Resources */,
			);
			buildRules = (
			);
			dependencies = (
			);
			name = NextGenToyota;
			productName = NextGenToyota;
			productReference = 9E5EA20016B907290004284F /* NextGenToyota.app */;
			productType = "com.apple.product-type.application";
		};
		9E5EA22916B907290004284F /* NextGenToyotaTests */ = {
			isa = PBXNativeTarget;
			buildConfigurationList = 9E5EA23F16B907290004284F /* Build configuration list for PBXNativeTarget "NextGenToyotaTests" */;
			buildPhases = (
				9E5EA22516B907290004284F /* Sources */,
				9E5EA22616B907290004284F /* Frameworks */,
				9E5EA22716B907290004284F /* Resources */,
				9E5EA22816B907290004284F /* ShellScript */,
			);
			buildRules = (
			);
			dependencies = (
				9E5EA23016B907290004284F /* PBXTargetDependency */,
			);
			name = NextGenToyotaTests;
			productName = NextGenToyotaTests;
			productReference = 9E5EA22A16B907290004284F /* NextGenToyotaTests.octest */;
			productType = "com.apple.product-type.bundle";
		};
/* End PBXNativeTarget section */

/* Begin PBXProject section */
		9E5EA1F716B907290004284F /* Project object */ = {
			isa = PBXProject;
			attributes = {
				LastUpgradeCheck = 0450;
				ORGANIZATIONNAME = "Chime Lab";
			};
			buildConfigurationList = 9E5EA1FA16B907290004284F /* Build configuration list for PBXProject "NextGenToyota" */;
			compatibilityVersion = "Xcode 3.2";
			developmentRegion = English;
			hasScannedForEncodings = 0;
			knownRegions = (
				en,
			);
			mainGroup = 9E5EA1F516B907290004284F;
			productRefGroup = 9E5EA20116B907290004284F /* Products */;
			projectDirPath = "";
			projectRoot = "";
			targets = (
				9E5EA1FF16B907290004284F /* NextGenToyota */,
				9E5EA22916B907290004284F /* NextGenToyotaTests */,
			);
		};
/* End PBXProject section */

/* Begin PBXResourcesBuildPhase section */
		9E5EA1FE16B907290004284F /* Resources */ = {
			isa = PBXResourcesBuildPhase;
			buildActionMask = 2147483647;
			files = (
				9E5EA20F16B907290004284F /* InfoPlist.strings in Resources */,
				9E5EA21716B907290004284F /* Default.png in Resources */,
				9E5EA21916B907290004284F /* Default@2x.png in Resources */,
				9E5EA21B16B907290004284F /* Default-568h@2x.png in Resources */,
				9E5EA21E16B907290004284F /* MainStoryboard_iPhone.storyboard in Resources */,
				9E5EA22116B907290004284F /* MainStoryboard_iPad.storyboard in Resources */,
				9EC5524016B9BA1B0030B278 /* check-mark-in-white-th.png in Resources */,
				9EC5524216B9BA1B0030B278 /* Version1OFF_clipped.m4a in Resources */,
				9EC5524416B9BA1B0030B278 /* Version1ON_clipped.m4a in Resources */,
				9EBBDE0A16CB91040095D163 /* cmu07a.dic in Resources */,
				9EBBDE0B16CB91040095D163 /* feat.params in Resources */,
				9EBBDE0C16CB91040095D163 /* mdef in Resources */,
				9EBBDE0D16CB91040095D163 /* means in Resources */,
				9EBBDE0E16CB91040095D163 /* noisedict in Resources */,
				9EBBDE0F16CB91040095D163 /* sendump in Resources */,
				9EBBDE1016CB91040095D163 /* transition_matrices in Resources */,
				9EBBDE1116CB91040095D163 /* variances in Resources */,
				9EBBDE1316CB91040095D163 /* OpenEars1.dic in Resources */,
				9EBBDE1416CB91040095D163 /* OpenEars1.gram in Resources */,
				9EBBDE1516CB91040095D163 /* OpenEars1.languagemodel in Resources */,
				9EBBDE1616CB91040095D163 /* OpenEars2.gram in Resources */,
				9EBBDE1716CB91040095D163 /* OpenEarsCorpus.txt in Resources */,
			);
			runOnlyForDeploymentPostprocessing = 0;
		};
		9E5EA22716B907290004284F /* Resources */ = {
			isa = PBXResourcesBuildPhase;
			buildActionMask = 2147483647;
			files = (
				9E5EA23616B907290004284F /* InfoPlist.strings in Resources */,
				9EC5524116B9BA1B0030B278 /* check-mark-in-white-th.png in Resources */,
				9EC5524316B9BA1B0030B278 /* Version1OFF_clipped.m4a in Resources */,
				9EC5524516B9BA1B0030B278 /* Version1ON_clipped.m4a in Resources */,
			);
			runOnlyForDeploymentPostprocessing = 0;
		};
/* End PBXResourcesBuildPhase section */

/* Begin PBXShellScriptBuildPhase section */
		9E5EA22816B907290004284F /* ShellScript */ = {
			isa = PBXShellScriptBuildPhase;
			buildActionMask = 2147483647;
			files = (
			);
			inputPaths = (
			);
			outputPaths = (
			);
			runOnlyForDeploymentPostprocessing = 0;
			shellPath = /bin/sh;
			shellScript = "# Run the unit tests in this test bundle.\n\"${SYSTEM_DEVELOPER_DIR}/Tools/RunUnitTests\"\n";
		};
/* End PBXShellScriptBuildPhase section */

/* Begin PBXSourcesBuildPhase section */
		9E5EA1FC16B907290004284F /* Sources */ = {
			isa = PBXSourcesBuildPhase;
			buildActionMask = 2147483647;
			files = (
				9E5EA21116B907290004284F /* main.m in Sources */,
				9E5EA21516B907290004284F /* AppDelegate.m in Sources */,
				9E5EA22416B907290004284F /* InitialViewController.m in Sources */,
				9ED4F8B416BAECFD00F58DBC /* NetworkCommunicator.m in Sources */,
				9EBBDDF616CB903D0095D163 /* VoiceRecognizer.m in Sources */,
				9ECA68AE16D7524A00FBAE81 /* MenuViewController.m in Sources */,
			);
			runOnlyForDeploymentPostprocessing = 0;
		};
		9E5EA22516B907290004284F /* Sources */ = {
			isa = PBXSourcesBuildPhase;
			buildActionMask = 2147483647;
			files = (
				9E5EA23916B907290004284F /* NextGenToyotaTests.m in Sources */,
			);
			runOnlyForDeploymentPostprocessing = 0;
		};
/* End PBXSourcesBuildPhase section */

/* Begin PBXTargetDependency section */
		9E5EA23016B907290004284F /* PBXTargetDependency */ = {
			isa = PBXTargetDependency;
			target = 9E5EA1FF16B907290004284F /* NextGenToyota */;
			targetProxy = 9E5EA22F16B907290004284F /* PBXContainerItemProxy */;
		};
/* End PBXTargetDependency section */

/* Begin PBXVariantGroup section */
		9E5EA20D16B907290004284F /* InfoPlist.strings */ = {
			isa = PBXVariantGroup;
			children = (
				9E5EA20E16B907290004284F /* en */,
			);
			name = InfoPlist.strings;
			sourceTree = "<group>";
		};
		9E5EA21C16B907290004284F /* MainStoryboard_iPhone.storyboard */ = {
			isa = PBXVariantGroup;
			children = (
				9E5EA21D16B907290004284F /* en */,
			);
			name = MainStoryboard_iPhone.storyboard;
			sourceTree = "<group>";
		};
		9E5EA21F16B907290004284F /* MainStoryboard_iPad.storyboard */ = {
			isa = PBXVariantGroup;
			children = (
				9E5EA22016B907290004284F /* en */,
			);
			name = MainStoryboard_iPad.storyboard;
			sourceTree = "<group>";
		};
		9E5EA23416B907290004284F /* InfoPlist.strings */ = {
			isa = PBXVariantGroup;
			children = (
				9E5EA23516B907290004284F /* en */,
			);
			name = InfoPlist.strings;
			sourceTree = "<group>";
		};
/* End PBXVariantGroup section */

/* Begin XCBuildConfiguration section */
		9E5EA23A16B907290004284F /* Debug */ = {
			isa = XCBuildConfiguration;
			buildSettings = {
				ALWAYS_SEARCH_USER_PATHS = NO;
				CLANG_CXX_LANGUAGE_STANDARD = "gnu++0x";
				CLANG_CXX_LIBRARY = "libc++";
				CLANG_ENABLE_OBJC_ARC = YES;
				CLANG_WARN_EMPTY_BODY = YES;
				CLANG_WARN__DUPLICATE_METHOD_MATCH = YES;
				"CODE_SIGN_IDENTITY[sdk=iphoneos*]" = "iPhone Developer";
				COPY_PHASE_STRIP = NO;
				GCC_C_LANGUAGE_STANDARD = gnu99;
				GCC_DYNAMIC_NO_PIC = NO;
				GCC_OPTIMIZATION_LEVEL = 0;
				GCC_PREPROCESSOR_DEFINITIONS = (
					"DEBUG=1",
					"$(inherited)",
				);
				GCC_SYMBOLS_PRIVATE_EXTERN = NO;
				GCC_WARN_ABOUT_RETURN_TYPE = YES;
				GCC_WARN_UNINITIALIZED_AUTOS = YES;
				GCC_WARN_UNUSED_VARIABLE = YES;
				IPHONEOS_DEPLOYMENT_TARGET = 6.0;
				ONLY_ACTIVE_ARCH = YES;
				SDKROOT = iphoneos;
				TARGETED_DEVICE_FAMILY = "1,2";
			};
			name = Debug;
		};
		9E5EA23B16B907290004284F /* Release */ = {
			isa = XCBuildConfiguration;
			buildSettings = {
				ALWAYS_SEARCH_USER_PATHS = NO;
				CLANG_CXX_LANGUAGE_STANDARD = "gnu++0x";
				CLANG_CXX_LIBRARY = "libc++";
				CLANG_ENABLE_OBJC_ARC = YES;
				CLANG_WARN_EMPTY_BODY = YES;
				CLANG_WARN__DUPLICATE_METHOD_MATCH = YES;
				"CODE_SIGN_IDENTITY[sdk=iphoneos*]" = "iPhone Developer";
				COPY_PHASE_STRIP = YES;
				GCC_C_LANGUAGE_STANDARD = gnu99;
				GCC_WARN_ABOUT_RETURN_TYPE = YES;
				GCC_WARN_UNINITIALIZED_AUTOS = YES;
				GCC_WARN_UNUSED_VARIABLE = YES;
				IPHONEOS_DEPLOYMENT_TARGET = 6.0;
				OTHER_CFLAGS = "-DNS_BLOCK_ASSERTIONS=1";
				SDKROOT = iphoneos;
				TARGETED_DEVICE_FAMILY = "1,2";
				VALIDATE_PRODUCT = YES;
			};
			name = Release;
		};
		9E5EA23D16B907290004284F /* Debug */ = {
			isa = XCBuildConfiguration;
			buildSettings = {
				FRAMEWORK_SEARCH_PATHS = (
					"$(inherited)",
					"\"$(SRCROOT)/Framework\"",
					"\"$(SRCROOT)/Frameworks\"",
				);
				GCC_PRECOMPILE_PREFIX_HEADER = YES;
				GCC_PREFIX_HEADER = "NextGenToyota/NextGenToyota-Prefix.pch";
				INFOPLIST_FILE = "NextGenToyota/NextGenToyota-Info.plist";
				IPHONEOS_DEPLOYMENT_TARGET = 5.1;
				PRODUCT_NAME = "$(TARGET_NAME)";
				WRAPPER_EXTENSION = app;
			};
			name = Debug;
		};
		9E5EA23E16B907290004284F /* Release */ = {
			isa = XCBuildConfiguration;
			buildSettings = {
				FRAMEWORK_SEARCH_PATHS = (
					"$(inherited)",
					"\"$(SRCROOT)/Framework\"",
					"\"$(SRCROOT)/Frameworks\"",
				);
				GCC_PRECOMPILE_PREFIX_HEADER = YES;
				GCC_PREFIX_HEADER = "NextGenToyota/NextGenToyota-Prefix.pch";
				INFOPLIST_FILE = "NextGenToyota/NextGenToyota-Info.plist";
				IPHONEOS_DEPLOYMENT_TARGET = 5.1;
				PRODUCT_NAME = "$(TARGET_NAME)";
				WRAPPER_EXTENSION = app;
			};
			name = Release;
		};
		9E5EA24016B907290004284F /* Debug */ = {
			isa = XCBuildConfiguration;
			buildSettings = {
				BUNDLE_LOADER = "$(BUILT_PRODUCTS_DIR)/NextGenToyota.app/NextGenToyota";
				FRAMEWORK_SEARCH_PATHS = (
					"\"$(SDKROOT)/Developer/Library/Frameworks\"",
					"\"$(DEVELOPER_LIBRARY_DIR)/Frameworks\"",
					"\"$(SRCROOT)/Framework\"",
				);
				GCC_PRECOMPILE_PREFIX_HEADER = YES;
				GCC_PREFIX_HEADER = "NextGenToyota/NextGenToyota-Prefix.pch";
				INFOPLIST_FILE = "NextGenToyotaTests/NextGenToyotaTests-Info.plist";
				PRODUCT_NAME = "$(TARGET_NAME)";
				TEST_HOST = "$(BUNDLE_LOADER)";
				WRAPPER_EXTENSION = octest;
			};
			name = Debug;
		};
		9E5EA24116B907290004284F /* Release */ = {
			isa = XCBuildConfiguration;
			buildSettings = {
				BUNDLE_LOADER = "$(BUILT_PRODUCTS_DIR)/NextGenToyota.app/NextGenToyota";
				FRAMEWORK_SEARCH_PATHS = (
					"\"$(SDKROOT)/Developer/Library/Frameworks\"",
					"\"$(DEVELOPER_LIBRARY_DIR)/Frameworks\"",
					"\"$(SRCROOT)/Framework\"",
				);
				GCC_PRECOMPILE_PREFIX_HEADER = YES;
				GCC_PREFIX_HEADER = "NextGenToyota/NextGenToyota-Prefix.pch";
				INFOPLIST_FILE = "NextGenToyotaTests/NextGenToyotaTests-Info.plist";
				PRODUCT_NAME = "$(TARGET_NAME)";
				TEST_HOST = "$(BUNDLE_LOADER)";
				WRAPPER_EXTENSION = octest;
			};
			name = Release;
		};
/* End XCBuildConfiguration section */

/* Begin XCConfigurationList section */
		9E5EA1FA16B907290004284F /* Build configuration list for PBXProject "NextGenToyota" */ = {
			isa = XCConfigurationList;
			buildConfigurations = (
				9E5EA23A16B907290004284F /* Debug */,
				9E5EA23B16B907290004284F /* Release */,
			);
			defaultConfigurationIsVisible = 0;
			defaultConfigurationName = Release;
		};
		9E5EA23C16B907290004284F /* Build configuration list for PBXNativeTarget "NextGenToyota" */ = {
			isa = XCConfigurationList;
			buildConfigurations = (
				9E5EA23D16B907290004284F /* Debug */,
				9E5EA23E16B907290004284F /* Release */,
			);
			defaultConfigurationIsVisible = 0;
			defaultConfigurationName = Release;
		};
		9E5EA23F16B907290004284F /* Build configuration list for PBXNativeTarget "NextGenToyotaTests" */ = {
			isa = XCConfigurationList;
			buildConfigurations = (
				9E5EA24016B907290004284F /* Debug */,
				9E5EA24116B907290004284F /* Release */,
			);
			defaultConfigurationIsVisible = 0;
			defaultConfigurationName = Release;
		};
/* End XCConfigurationList section */
	};
	rootObject = 9E5EA1F716B907290004284F /* Project object */;
}
